
Microsoft Visual Studio Solution File, Format Version 12.00
# Visual Studio Version 17
VisualStudioVersion = 17.13.35919.96 d17.13
MinimumVisualStudioVersion = 10.0.40219.1
Project("{8BC9CEB8-8B4A-11D0-8D11-00A0C91BC942}") = "game-test", "game-test.vcxproj", "{8158F6D9-E632-4F1E-8EA6-BB322578E286}"
EndProject
Global
	GlobalSection(SolutionConfigurationPlatforms) = preSolution
		Debug|x64 = Debug|x64
		Debug|x86 = Debug|x86
		Release|x64 = Release|x64
		Release|x86 = Release|x86
	EndGlobalSection
	GlobalSection(ProjectConfigurationPlatforms) = postSolution
		{8158F6D9-E632-4F1E-8EA6-BB322578E286}.Debug|x64.ActiveCfg = Debug|x64
		{8158F6D9-E632-4F1E-8EA6-BB322578E286}.Debug|x64.Build.0 = Debug|x64
		{8158F6D9-E632-4F1E-8EA6-BB322578E286}.Debug|x86.ActiveCfg = Debug|Win32
		{8158F6D9-E632-4F1E-8EA6-BB322578E286}.Debug|x86.Build.0 = Debug|Win32
		{8158F6D9-E632-4F1E-8EA6-BB322578E286}.Release|x64.ActiveCfg = Release|x64
		{8158F6D9-E632-4F1E-8EA6-BB322578E286}.Release|x64.Build.0 = Release|x64
		{8158F6D9-E632-4F1E-8EA6-BB322578E286}.Release|x86.ActiveCfg = Release|Win32
		{8158F6D9-E632-4F1E-8EA6-BB322578E286}.Release|x86.Build.0 = Release|Win32
	EndGlobalSection
	GlobalSection(SolutionProperties) = preSolution
		HideSolutionNode = FALSE
	EndGlobalSection
	GlobalSection(ExtensibilityGlobals) = postSolution
		SolutionGuid = {4C7BBF8E-6D22-49D6-ACD0-63CF45EEC2D3}
	EndGlobalSection
EndGlobal
